
Microsoft Visual Studio Solution File, Format Version 12.00
# Visual Studio 15
VisualStudioVersion = 15.0.28307.645
MinimumVisualStudioVersion = 10.0.40219.1
Project("{FAE04EC0-301F-11D3-BF4B-00C04F79EFBC}") = "HangFireRedis", "HangFireRedis\HangFireRedis.csproj", "{84D07A07-8710-4FE7-B45E-BA2EE39C3B03}"
EndProject
Project("{FAE04EC0-301F-11D3-BF4B-00C04F79EFBC}") = "HangFireRedis.Domain", "HangFireRedis.Domain\HangFireRedis.Domain.csproj", "{2193672F-720D-4701-8D4A-B3486FA24C53}"
EndProject
Project("{FAE04EC0-301F-11D3-BF4B-00C04F79EFBC}") = "HangFireRedis.Persistent", "HangFireRedis.Persistent\HangFireRedis.Persistent.csproj", "{5C685B55-6A7E-4BC8-9765-3E1C767D4B8B}"
EndProject
Project("{FAE04EC0-301F-11D3-BF4B-00C04F79EFBC}") = "HangFireRedis.Persistent.Tests", "HangFireRedis.Persistent.Tests\HangFireRedis.Persistent.Tests.csproj", "{983BBE97-0B00-4502-8457-4C479BA56070}"
EndProject
Global
	GlobalSection(SolutionConfigurationPlatforms) = preSolution
		Debug|Any CPU = Debug|Any CPU
		Release|Any CPU = Release|Any CPU
	EndGlobalSection
	GlobalSection(ProjectConfigurationPlatforms) = postSolution
		{84D07A07-8710-4FE7-B45E-BA2EE39C3B03}.Debug|Any CPU.ActiveCfg = Debug|Any CPU
		{84D07A07-8710-4FE7-B45E-BA2EE39C3B03}.Debug|Any CPU.Build.0 = Debug|Any CPU
		{84D07A07-8710-4FE7-B45E-BA2EE39C3B03}.Release|Any CPU.ActiveCfg = Release|Any CPU
		{84D07A07-8710-4FE7-B45E-BA2EE39C3B03}.Release|Any CPU.Build.0 = Release|Any CPU
		{2193672F-720D-4701-8D4A-B3486FA24C53}.Debug|Any CPU.ActiveCfg = Debug|Any CPU
		{2193672F-720D-4701-8D4A-B3486FA24C53}.Debug|Any CPU.Build.0 = Debug|Any CPU
		{2193672F-720D-4701-8D4A-B3486FA24C53}.Release|Any CPU.ActiveCfg = Release|Any CPU
		{2193672F-720D-4701-8D4A-B3486FA24C53}.Release|Any CPU.Build.0 = Release|Any CPU
		{5C685B55-6A7E-4BC8-9765-3E1C767D4B8B}.Debug|Any CPU.ActiveCfg = Debug|Any CPU
		{5C685B55-6A7E-4BC8-9765-3E1C767D4B8B}.Debug|Any CPU.Build.0 = Debug|Any CPU
		{5C685B55-6A7E-4BC8-9765-3E1C767D4B8B}.Release|Any CPU.ActiveCfg = Release|Any CPU
		{5C685B55-6A7E-4BC8-9765-3E1C767D4B8B}.Release|Any CPU.Build.0 = Release|Any CPU
		{983BBE97-0B00-4502-8457-4C479BA56070}.Debug|Any CPU.ActiveCfg = Debug|Any CPU
		{983BBE97-0B00-4502-8457-4C479BA56070}.Debug|Any CPU.Build.0 = Debug|Any CPU
		{983BBE97-0B00-4502-8457-4C479BA56070}.Release|Any CPU.ActiveCfg = Release|Any CPU
		{983BBE97-0B00-4502-8457-4C479BA56070}.Release|Any CPU.Build.0 = Release|Any CPU
	EndGlobalSection
	GlobalSection(SolutionProperties) = preSolution
		HideSolutionNode = FALSE
	EndGlobalSection
	GlobalSection(ExtensibilityGlobals) = postSolution
		SolutionGuid = {043D9F2E-4780-4207-BCF9-A2894286210C}
	EndGlobalSection
EndGlobal
